
Microsoft Visual Studio Solution File, Format Version 11.00
# Visual Studio 2010
Project("{D2ABAB84-BF74-430A-B69E-9DC6D40DDA17}") = "ProjectBI_Analysis", "ProjectBI_Analysis\ProjectBI_Analysis.dwproj", "{DB7BBDF5-95EF-4E01-AB0B-4DF49B559D1A}"
EndProject
Global
	GlobalSection(SolutionConfigurationPlatforms) = preSolution
		Development|Default = Development|Default
	EndGlobalSection
	GlobalSection(ProjectConfigurationPlatforms) = postSolution
		{DB7BBDF5-95EF-4E01-AB0B-4DF49B559D1A}.Development|Default.ActiveCfg = Development
		{DB7BBDF5-95EF-4E01-AB0B-4DF49B559D1A}.Development|Default.Build.0 = Development
		{DB7BBDF5-95EF-4E01-AB0B-4DF49B559D1A}.Development|Default.Deploy.0 = Development
	EndGlobalSection
	GlobalSection(SolutionProperties) = preSolution
		HideSolutionNode = FALSE
	EndGlobalSection
EndGlobal
